
Microsoft Visual Studio Solution File, Format Version 12.00
# Visual Studio Version 17
VisualStudioVersion = 17.2.32526.322
MinimumVisualStudioVersion = 10.0.40219.1
Project("{FAE04EC0-301F-11D3-BF4B-00C04F79EFBC}") = "WebAPIAppUIDomainAdaptor", "WebAPIAppUIDomainAdaptor\WebAPIAppUIDomainAdaptor.csproj", "{AB83716E-E8A9-4F99-A101-DA9223C5873C}"
EndProject
Project("{9A19103F-16F7-4668-BE54-9A1E7A4F7556}") = "ProcessManagement", "ProcessManagement\ProcessManagement.csproj", "{CF0F5A80-10EE-4AB1-B38F-0552975A306F}"
EndProject
Global
	GlobalSection(SolutionConfigurationPlatforms) = preSolution
		Debug|Any CPU = Debug|Any CPU
		Release|Any CPU = Release|Any CPU
	EndGlobalSection
	GlobalSection(ProjectConfigurationPlatforms) = postSolution
		{AB83716E-E8A9-4F99-A101-DA9223C5873C}.Debug|Any CPU.ActiveCfg = Debug|Any CPU
		{AB83716E-E8A9-4F99-A101-DA9223C5873C}.Debug|Any CPU.Build.0 = Debug|Any CPU
		{AB83716E-E8A9-4F99-A101-DA9223C5873C}.Release|Any CPU.ActiveCfg = Release|Any CPU
		{AB83716E-E8A9-4F99-A101-DA9223C5873C}.Release|Any CPU.Build.0 = Release|Any CPU
		{CF0F5A80-10EE-4AB1-B38F-0552975A306F}.Debug|Any CPU.ActiveCfg = Debug|Any CPU
		{CF0F5A80-10EE-4AB1-B38F-0552975A306F}.Debug|Any CPU.Build.0 = Debug|Any CPU
		{CF0F5A80-10EE-4AB1-B38F-0552975A306F}.Release|Any CPU.ActiveCfg = Release|Any CPU
		{CF0F5A80-10EE-4AB1-B38F-0552975A306F}.Release|Any CPU.Build.0 = Release|Any CPU
	EndGlobalSection
	GlobalSection(SolutionProperties) = preSolution
		HideSolutionNode = FALSE
	EndGlobalSection
	GlobalSection(ExtensibilityGlobals) = postSolution
		SolutionGuid = {5BFE819D-C2D2-4158-9BDF-9919DB414C26}
	EndGlobalSection
EndGlobal
